
Microsoft Visual Studio Solution File, Format Version 12.00
# Visual Studio Version 16
VisualStudioVersion = 16.0.31205.134
MinimumVisualStudioVersion = 10.0.40219.1
Project("{2150E333-8FDC-42A3-9474-1A3956D46DE8}") = "src", "src", "{0D8C82DC-B354-47C0-8F44-925CDF06A994}"
EndProject
Project("{9A19103F-16F7-4668-BE54-9A1E7A4F7556}") = "AirSnitch.Api", "src\AirSnitch.Api\AirSnitch.Api.csproj", "{9E3E66CB-D877-44D2-B16B-984F5A53A9EC}"
EndProject
Project("{2150E333-8FDC-42A3-9474-1A3956D46DE8}") = "test", "test", "{88C34088-097F-4405-89BD-A23ED3D8819C}"
EndProject
Project("{2150E333-8FDC-42A3-9474-1A3956D46DE8}") = "AirSnitch.DataProviders", "AirSnitch.DataProviders", "{590A2291-9092-40EA-9D0F-6784D66E4C67}"
EndProject
Project("{9A19103F-16F7-4668-BE54-9A1E7A4F7556}") = "SaveDnipro", "src\AirSnitch.DataProviders\SaveDnipro\SaveDnipro.csproj", "{3CB2EBAC-5FEE-492D-9152-C3E6776E39C6}"
EndProject
Project("{9A19103F-16F7-4668-BE54-9A1E7A4F7556}") = "AirSnitch.Core", "src\AirSnitch.Core\AirSnitch.Core.csproj", "{F15E193C-017E-490C-A1DA-73428A447499}"
EndProject
Project("{9A19103F-16F7-4668-BE54-9A1E7A4F7556}") = "AirSnitch.Infrastructure", "src\AirSnitch.Infrastructure\AirSnitch.Infrastructure.csproj", "{EAE4C391-57E9-428B-AE66-EAB7DE0638F6}"
EndProject
Project("{9A19103F-16F7-4668-BE54-9A1E7A4F7556}") = "AirSnitch.Api.Test", "test\AirSnitch.Api.Test\AirSnitch.Api.Test.csproj", "{8FB890F6-E49A-4CE8-AB6D-AD7374BA19C2}"
EndProject
Global
	GlobalSection(SolutionConfigurationPlatforms) = preSolution
		Debug|Any CPU = Debug|Any CPU
		Release|Any CPU = Release|Any CPU
	EndGlobalSection
	GlobalSection(ProjectConfigurationPlatforms) = postSolution
		{9E3E66CB-D877-44D2-B16B-984F5A53A9EC}.Debug|Any CPU.ActiveCfg = Debug|Any CPU
		{9E3E66CB-D877-44D2-B16B-984F5A53A9EC}.Debug|Any CPU.Build.0 = Debug|Any CPU
		{9E3E66CB-D877-44D2-B16B-984F5A53A9EC}.Release|Any CPU.ActiveCfg = Release|Any CPU
		{9E3E66CB-D877-44D2-B16B-984F5A53A9EC}.Release|Any CPU.Build.0 = Release|Any CPU
		{3CB2EBAC-5FEE-492D-9152-C3E6776E39C6}.Debug|Any CPU.ActiveCfg = Debug|Any CPU
		{3CB2EBAC-5FEE-492D-9152-C3E6776E39C6}.Debug|Any CPU.Build.0 = Debug|Any CPU
		{3CB2EBAC-5FEE-492D-9152-C3E6776E39C6}.Release|Any CPU.ActiveCfg = Release|Any CPU
		{3CB2EBAC-5FEE-492D-9152-C3E6776E39C6}.Release|Any CPU.Build.0 = Release|Any CPU
		{F15E193C-017E-490C-A1DA-73428A447499}.Debug|Any CPU.ActiveCfg = Debug|Any CPU
		{F15E193C-017E-490C-A1DA-73428A447499}.Debug|Any CPU.Build.0 = Debug|Any CPU
		{F15E193C-017E-490C-A1DA-73428A447499}.Release|Any CPU.ActiveCfg = Release|Any CPU
		{F15E193C-017E-490C-A1DA-73428A447499}.Release|Any CPU.Build.0 = Release|Any CPU
		{EAE4C391-57E9-428B-AE66-EAB7DE0638F6}.Debug|Any CPU.ActiveCfg = Debug|Any CPU
		{EAE4C391-57E9-428B-AE66-EAB7DE0638F6}.Debug|Any CPU.Build.0 = Debug|Any CPU
		{EAE4C391-57E9-428B-AE66-EAB7DE0638F6}.Release|Any CPU.ActiveCfg = Release|Any CPU
		{EAE4C391-57E9-428B-AE66-EAB7DE0638F6}.Release|Any CPU.Build.0 = Release|Any CPU
		{8FB890F6-E49A-4CE8-AB6D-AD7374BA19C2}.Debug|Any CPU.ActiveCfg = Debug|Any CPU
		{8FB890F6-E49A-4CE8-AB6D-AD7374BA19C2}.Debug|Any CPU.Build.0 = Debug|Any CPU
		{8FB890F6-E49A-4CE8-AB6D-AD7374BA19C2}.Release|Any CPU.ActiveCfg = Release|Any CPU
		{8FB890F6-E49A-4CE8-AB6D-AD7374BA19C2}.Release|Any CPU.Build.0 = Release|Any CPU
	EndGlobalSection
	GlobalSection(SolutionProperties) = preSolution
		HideSolutionNode = FALSE
	EndGlobalSection
	GlobalSection(NestedProjects) = preSolution
		{9E3E66CB-D877-44D2-B16B-984F5A53A9EC} = {0D8C82DC-B354-47C0-8F44-925CDF06A994}
		{590A2291-9092-40EA-9D0F-6784D66E4C67} = {0D8C82DC-B354-47C0-8F44-925CDF06A994}
		{3CB2EBAC-5FEE-492D-9152-C3E6776E39C6} = {590A2291-9092-40EA-9D0F-6784D66E4C67}
		{F15E193C-017E-490C-A1DA-73428A447499} = {0D8C82DC-B354-47C0-8F44-925CDF06A994}
		{EAE4C391-57E9-428B-AE66-EAB7DE0638F6} = {0D8C82DC-B354-47C0-8F44-925CDF06A994}
		{8FB890F6-E49A-4CE8-AB6D-AD7374BA19C2} = {88C34088-097F-4405-89BD-A23ED3D8819C}
	EndGlobalSection
	GlobalSection(ExtensibilityGlobals) = postSolution
		SolutionGuid = {CE70D193-54E1-44D7-8BC5-4F2709E5549B}
	EndGlobalSection
EndGlobal
